// !$*UTF8*$!
{
	archiveVersion = 1;
	classes = {
	};
	objectVersion = 46;
	objects = {

/* Begin PBXBuildFile section */
		1A40521A1D6D823900DBAFB4 /* main.m in Sources */ = {isa = PBXBuildFile; fileRef = 1A4052191D6D823900DBAFB4 /* main.m */; };
		1A40521D1D6D823900DBAFB4 /* AppDelegate.m in Sources */ = {isa = PBXBuildFile; fileRef = 1A40521C1D6D823900DBAFB4 /* AppDelegate.m */; };
		1A4052201D6D823900DBAFB4 /* ViewController.m in Sources */ = {isa = PBXBuildFile; fileRef = 1A40521F1D6D823900DBAFB4 /* ViewController.m */; };
		1A4052231D6D823900DBAFB4 /* Main.storyboard in Resources */ = {isa = PBXBuildFile; fileRef = 1A4052211D6D823900DBAFB4 /* Main.storyboard */; };
		1A4052251D6D823900DBAFB4 /* Assets.xcassets in Resources */ = {isa = PBXBuildFile; fileRef = 1A4052241D6D823900DBAFB4 /* Assets.xcassets */; };
		1A4052281D6D823900DBAFB4 /* LaunchScreen.storyboard in Resources */ = {isa = PBXBuildFile; fileRef = 1A4052261D6D823900DBAFB4 /* LaunchScreen.storyboard */; };
		1A4052331D6D823900DBAFB4 /* PodTestOneTests.m in Sources */ = {isa = PBXBuildFile; fileRef = 1A4052321D6D823900DBAFB4 /* PodTestOneTests.m */; };
		1A40523E1D6D823900DBAFB4 /* PodTestOneUITests.m in Sources */ = {isa = PBXBuildFile; fileRef = 1A40523D1D6D823900DBAFB4 /* PodTestOneUITests.m */; };
/* End PBXBuildFile section */

/* Begin PBXContainerItemProxy section */
		1A40522F1D6D823900DBAFB4 /* PBXContainerItemProxy */ = {
			isa = PBXContainerItemProxy;
			containerPortal = 1A40520D1D6D823900DBAFB4 /* Project object */;
			proxyType = 1;
			remoteGlobalIDString = 1A4052141D6D823900DBAFB4;
			remoteInfo = PodTestOne;
		};
		1A40523A1D6D823900DBAFB4 /* PBXContainerItemProxy */ = {
			isa = PBXContainerItemProxy;
			containerPortal = 1A40520D1D6D823900DBAFB4 /* Project object */;
			proxyType = 1;
			remoteGlobalIDString = 1A4052141D6D823900DBAFB4;
			remoteInfo = PodTestOne;
		};
/* End PBXContainerItemProxy section */

/* Begin PBXFileReference section */
		1A4052151D6D823900DBAFB4 /* PodTestOne.app */ = {isa = PBXFileReference; explicitFileType = wrapper.application; includeInIndex = 0; path = PodTestOne.app; sourceTree = BUILT_PRODUCTS_DIR; };
		1A4052191D6D823900DBAFB4 /* main.m */ = {isa = PBXFileReference; lastKnownFileType = sourcecode.c.objc; path = main.m; sourceTree = "<group>"; };
		1A40521B1D6D823900DBAFB4 /* AppDelegate.h */ = {isa = PBXFileReference; lastKnownFileType = sourcecode.c.h; path = AppDelegate.h; sourceTree = "<group>"; };
		1A40521C1D6D823900DBAFB4 /* AppDelegate.m */ = {isa = PBXFileReference; lastKnownFileType = sourcecode.c.objc; path = AppDelegate.m; sourceTree = "<group>"; };
		1A40521E1D6D823900DBAFB4 /* ViewController.h */ = {isa = PBXFileReference; lastKnownFileType = sourcecode.c.h; path = ViewController.h; sourceTree = "<group>"; };
		1A40521F1D6D823900DBAFB4 /* ViewController.m */ = {isa = PBXFileReference; lastKnownFileType = sourcecode.c.objc; path = ViewController.m; sourceTree = "<group>"; };
		1A4052221D6D823900DBAFB4 /* Base */ = {isa = PBXFileReference; lastKnownFileType = file.storyboard; name = Base; path = Base.lproj/Main.storyboard; sourceTree = "<group>"; };
		1A4052241D6D823900DBAFB4 /* Assets.xcassets */ = {isa = PBXFileReference; lastKnownFileType = folder.assetcatalog; path = Assets.xcassets; sourceTree = "<group>"; };
		1A4052271D6D823900DBAFB4 /* Base */ = {isa = PBXFileReference; lastKnownFileType = file.storyboard; name = Base; path = Base.lproj/LaunchScreen.storyboard; sourceTree = "<group>"; };
		1A4052291D6D823900DBAFB4 /* Info.plist */ = {isa = PBXFileReference; lastKnownFileType = text.plist.xml; path = Info.plist; sourceTree = "<group>"; };
		1A40522E1D6D823900DBAFB4 /* PodTestOneTests.xctest */ = {isa = PBXFileReference; explicitFileType = wrapper.cfbundle; includeInIndex = 0; path = PodTestOneTests.xctest; sourceTree = BUILT_PRODUCTS_DIR; };
		1A4052321D6D823900DBAFB4 /* PodTestOneTests.m */ = {isa = PBXFileReference; lastKnownFileType = sourcecode.c.objc; path = PodTestOneTests.m; sourceTree = "<group>"; };
		1A4052341D6D823900DBAFB4 /* Info.plist */ = {isa = PBXFileReference; lastKnownFileType = text.plist.xml; path = Info.plist; sourceTree = "<group>"; };
		1A4052391D6D823900DBAFB4 /* PodTestOneUITests.xctest */ = {isa = PBXFileReference; explicitFileType = wrapper.cfbundle; includeInIndex = 0; path = PodTestOneUITests.xctest; sourceTree = BUILT_PRODUCTS_DIR; };
		1A40523D1D6D823900DBAFB4 /* PodTestOneUITests.m */ = {isa = PBXFileReference; lastKnownFileType = sourcecode.c.objc; path = PodTestOneUITests.m; sourceTree = "<group>"; };
		1A40523F1D6D823900DBAFB4 /* Info.plist */ = {isa = PBXFileReference; lastKnownFileType = text.plist.xml; path = Info.plist; sourceTree = "<group>"; };
/* End PBXFileReference section */

/* Begin PBXFrameworksBuildPhase section */
		1A4052121D6D823900DBAFB4 /* Frameworks */ = {
			isa = PBXFrameworksBuildPhase;
			buildActionMask = 2147483647;
			files = (
			);
			runOnlyForDeploymentPostprocessing = 0;
		};
		1A40522B1D6D823900DBAFB4 /* Frameworks */ = {
			isa = PBXFrameworksBuildPhase;
			buildActionMask = 2147483647;
			files = (
			);
			runOnlyForDeploymentPostprocessing = 0;
		};
		1A4052361D6D823900DBAFB4 /* Frameworks */ = {
			isa = PBXFrameworksBuildPhase;
			buildActionMask = 2147483647;
			files = (
			);
			runOnlyForDeploymentPostprocessing = 0;
		};
/* End PBXFrameworksBuildPhase section */

/* Begin PBXGroup section */
		1A40520C1D6D823900DBAFB4 = {
			isa = PBXGroup;
			children = (
				1A4052171D6D823900DBAFB4 /* PodTestOne */,
				1A4052311D6D823900DBAFB4 /* PodTestOneTests */,
				1A40523C1D6D823900DBAFB4 /* PodTestOneUITests */,
				1A4052161D6D823900DBAFB4 /* Products */,
			);
			sourceTree = "<group>";
		};
		1A4052161D6D823900DBAFB4 /* Products */ = {
			isa = PBXGroup;
			children = (
				1A4052151D6D823900DBAFB4 /* PodTestOne.app */,
				1A40522E1D6D823900DBAFB4 /* PodTestOneTests.xctest */,
				1A4052391D6D823900DBAFB4 /* PodTestOneUITests.xctest */,
			);
			name = Products;
			sourceTree = "<group>";
		};
		1A4052171D6D823900DBAFB4 /* PodTestOne */ = {
			isa = PBXGroup;
			children = (
				1A40521B1D6D823900DBAFB4 /* AppDelegate.h */,
				1A40521C1D6D823900DBAFB4 /* AppDelegate.m */,
				1A40521E1D6D823900DBAFB4 /* ViewController.h */,
				1A40521F1D6D823900DBAFB4 /* ViewController.m */,
				1A4052211D6D823900DBAFB4 /* Main.storyboard */,
				1A4052241D6D823900DBAFB4 /* Assets.xcassets */,
				1A4052261D6D823900DBAFB4 /* LaunchScreen.storyboard */,
				1A4052291D6D823900DBAFB4 /* Info.plist */,
				1A4052181D6D823900DBAFB4 /* Supporting Files */,
			);
			path = PodTestOne;
			sourceTree = "<group>";
		};
		1A4052181D6D823900DBAFB4 /* Supporting Files */ = {
			isa = PBXGroup;
			children = (
				1A4052191D6D823900DBAFB4 /* main.m */,
			);
			name = "Supporting Files";
			sourceTree = "<group>";
		};
		1A4052311D6D823900DBAFB4 /* PodTestOneTests */ = {
			isa = PBXGroup;
			children = (
				1A4052321D6D823900DBAFB4 /* PodTestOneTests.m */,
				1A4052341D6D823900DBAFB4 /* Info.plist */,
			);
			path = PodTestOneTests;
			sourceTree = "<group>";
		};
		1A40523C1D6D823900DBAFB4 /* PodTestOneUITests */ = {
			isa = PBXGroup;
			children = (
				1A40523D1D6D823900DBAFB4 /* PodTestOneUITests.m */,
				1A40523F1D6D823900DBAFB4 /* Info.plist */,
			);
			path = PodTestOneUITests;
			sourceTree = "<group>";
		};
/* End PBXGroup section */

/* Begin PBXNativeTarget section */
		1A4052141D6D823900DBAFB4 /* PodTestOne */ = {
			isa = PBXNativeTarget;
			buildConfigurationList = 1A4052421D6D823900DBAFB4 /* Build configuration list for PBXNativeTarget "PodTestOne" */;
			buildPhases = (
				1A4052111D6D823900DBAFB4 /* Sources */,
				1A4052121D6D823900DBAFB4 /* Frameworks */,
				1A4052131D6D823900DBAFB4 /* Resources */,
			);
			buildRules = (
			);
			dependencies = (
			);
			name = PodTestOne;
			productName = PodTestOne;
			productReference = 1A4052151D6D823900DBAFB4 /* PodTestOne.app */;
			productType = "com.apple.product-type.application";
		};
		1A40522D1D6D823900DBAFB4 /* PodTestOneTests */ = {
			isa = PBXNativeTarget;
			buildConfigurationList = 1A4052451D6D823900DBAFB4 /* Build configuration list for PBXNativeTarget "PodTestOneTests" */;
			buildPhases = (
				1A40522A1D6D823900DBAFB4 /* Sources */,
				1A40522B1D6D823900DBAFB4 /* Frameworks */,
				1A40522C1D6D823900DBAFB4 /* Resources */,
			);
			buildRules = (
			);
			dependencies = (
				1A4052301D6D823900DBAFB4 /* PBXTargetDependency */,
			);
			name = PodTestOneTests;
			productName = PodTestOneTests;
			productReference = 1A40522E1D6D823900DBAFB4 /* PodTestOneTests.xctest */;
			productType = "com.apple.product-type.bundle.unit-test";
		};
		1A4052381D6D823900DBAFB4 /* PodTestOneUITests */ = {
			isa = PBXNativeTarget;
			buildConfigurationList = 1A4052481D6D823900DBAFB4 /* Build configuration list for PBXNativeTarget "PodTestOneUITests" */;
			buildPhases = (
				1A4052351D6D823900DBAFB4 /* Sources */,
				1A4052361D6D823900DBAFB4 /* Frameworks */,
				1A4052371D6D823900DBAFB4 /* Resources */,
			);
			buildRules = (
			);
			dependencies = (
				1A40523B1D6D823900DBAFB4 /* PBXTargetDependency */,
			);
			name = PodTestOneUITests;
			productName = PodTestOneUITests;
			productReference = 1A4052391D6D823900DBAFB4 /* PodTestOneUITests.xctest */;
			productType = "com.apple.product-type.bundle.ui-testing";
		};
/* End PBXNativeTarget section */

/* Begin PBXProject section */
		1A40520D1D6D823900DBAFB4 /* Project object */ = {
			isa = PBXProject;
			attributes = {
				LastUpgradeCheck = 0720;
				ORGANIZATIONNAME = "张策";
				TargetAttributes = {
					1A4052141D6D823900DBAFB4 = {
						CreatedOnToolsVersion = 7.2.1;
						DevelopmentTeam = 22QZW73FS6;
					};
					1A40522D1D6D823900DBAFB4 = {
						CreatedOnToolsVersion = 7.2.1;
						DevelopmentTeam = 22QZW73FS6;
						TestTargetID = 1A4052141D6D823900DBAFB4;
					};
					1A4052381D6D823900DBAFB4 = {
						CreatedOnToolsVersion = 7.2.1;
						DevelopmentTeam = 22QZW73FS6;
						TestTargetID = 1A4052141D6D823900DBAFB4;
					};
				};
			};
			buildConfigurationList = 1A4052101D6D823900DBAFB4 /* Build configuration list for PBXProject "PodTestOne" */;
			compatibilityVersion = "Xcode 3.2";
			developmentRegion = English;
			hasScannedForEncodings = 0;
			knownRegions = (
				en,
				Base,
			);
			mainGroup = 1A40520C1D6D823900DBAFB4;
			productRefGroup = 1A4052161D6D823900DBAFB4 /* Products */;
			projectDirPath = "";
			projectRoot = "";
			targets = (
				1A4052141D6D823900DBAFB4 /* PodTestOne */,
				1A40522D1D6D823900DBAFB4 /* PodTestOneTests */,
				1A4052381D6D823900DBAFB4 /* PodTestOneUITests */,
			);
		};
/* End PBXProject section */

/* Begin PBXResourcesBuildPhase section */
		1A4052131D6D823900DBAFB4 /* Resources */ = {
			isa = PBXResourcesBuildPhase;
			buildActionMask = 2147483647;
			files = (
				1A4052281D6D823900DBAFB4 /* LaunchScreen.storyboard in Resources */,
				1A4052251D6D823900DBAFB4 /* Assets.xcassets in Resources */,
				1A4052231D6D823900DBAFB4 /* Main.storyboard in Resources */,
			);
			runOnlyForDeploymentPostprocessing = 0;
		};
		1A40522C1D6D823900DBAFB4 /* Resources */ = {
			isa = PBXResourcesBuildPhase;
			buildActionMask = 2147483647;
			files = (
			);
			runOnlyForDeploymentPostprocessing = 0;
		};
		1A4052371D6D823900DBAFB4 /* Resources */ = {
			isa = PBXResourcesBuildPhase;
			buildActionMask = 2147483647;
			files = (
			);
			runOnlyForDeploymentPostprocessing = 0;
		};
/* End PBXResourcesBuildPhase section */

/* Begin PBXSourcesBuildPhase section */
		1A4052111D6D823900DBAFB4 /* Sources */ = {
			isa = PBXSourcesBuildPhase;
			buildActionMask = 2147483647;
			files = (
				1A4052201D6D823900DBAFB4 /* ViewController.m in Sources */,
				1A40521D1D6D823900DBAFB4 /* AppDelegate.m in Sources */,
				1A40521A1D6D823900DBAFB4 /* main.m in Sources */,
			);
			runOnlyForDeploymentPostprocessing = 0;
		};
		1A40522A1D6D823900DBAFB4 /* Sources */ = {
			isa = PBXSourcesBuildPhase;
			buildActionMask = 2147483647;
			files = (
				1A4052331D6D823900DBAFB4 /* PodTestOneTests.m in Sources */,
			);
			runOnlyForDeploymentPostprocessing = 0;
		};
		1A4052351D6D823900DBAFB4 /* Sources */ = {
			isa = PBXSourcesBuildPhase;
			buildActionMask = 2147483647;
			files = (
				1A40523E1D6D823900DBAFB4 /* PodTestOneUITests.m in Sources */,
			);
			runOnlyForDeploymentPostprocessing = 0;
		};
/* End PBXSourcesBuildPhase section */

/* Begin PBXTargetDependency section */
		1A4052301D6D823900DBAFB4 /* PBXTargetDependency */ = {
			isa = PBXTargetDependency;
			target = 1A4052141D6D823900DBAFB4 /* PodTestOne */;
			targetProxy = 1A40522F1D6D823900DBAFB4 /* PBXContainerItemProxy */;
		};
		1A40523B1D6D823900DBAFB4 /* PBXTargetDependency */ = {
			isa = PBXTargetDependency;
			target = 1A4052141D6D823900DBAFB4 /* PodTestOne */;
			targetProxy = 1A40523A1D6D823900DBAFB4 /* PBXContainerItemProxy */;
		};
/* End PBXTargetDependency section */

/* Begin PBXVariantGroup section */
		1A4052211D6D823900DBAFB4 /* Main.storyboard */ = {
			isa = PBXVariantGroup;
			children = (
				1A4052221D6D823900DBAFB4 /* Base */,
			);
			name = Main.storyboard;
			sourceTree = "<group>";
		};
		1A4052261D6D823900DBAFB4 /* LaunchScreen.storyboard */ = {
			isa = PBXVariantGroup;
			children = (
				1A4052271D6D823900DBAFB4 /* Base */,
			);
			name = LaunchScreen.storyboard;
			sourceTree = "<group>";
		};
/* End PBXVariantGroup section */

/* Begin XCBuildConfiguration section */
		1A4052401D6D823900DBAFB4 /* Debug */ = {
			isa = XCBuildConfiguration;
			buildSettings = {
				ALWAYS_SEARCH_USER_PATHS = NO;
				CLANG_CXX_LANGUAGE_STANDARD = "gnu++0x";
				CLANG_CXX_LIBRARY = "libc++";
				CLANG_ENABLE_MODULES = YES;
				CLANG_ENABLE_OBJC_ARC = YES;
				CLANG_WARN_BOOL_CONVERSION = YES;
				CLANG_WARN_CONSTANT_CONVERSION = YES;
				CLANG_WARN_DIRECT_OBJC_ISA_USAGE = YES_ERROR;
				CLANG_WARN_EMPTY_BODY = YES;
				CLANG_WARN_ENUM_CONVERSION = YES;
				CLANG_WARN_INT_CONVERSION = YES;
				CLANG_WARN_OBJC_ROOT_CLASS = YES_ERROR;
				CLANG_WARN_UNREACHABLE_CODE = YES;
				CLANG_WARN__DUPLICATE_METHOD_MATCH = YES;
				"CODE_SIGN_IDENTITY[sdk=iphoneos*]" = "iPhone Developer";
				COPY_PHASE_STRIP = NO;
				DEBUG_INFORMATION_FORMAT = dwarf;
				ENABLE_STRICT_OBJC_MSGSEND = YES;
				ENABLE_TESTABILITY = YES;
				GCC_C_LANGUAGE_STANDARD = gnu99;
				GCC_DYNAMIC_NO_PIC = NO;
				GCC_NO_COMMON_BLOCKS = YES;
				GCC_OPTIMIZATION_LEVEL = 0;
				GCC_PREPROCESSOR_DEFINITIONS = (
					"DEBUG=1",
					"$(inherited)",
				);
				GCC_WARN_64_TO_32_BIT_CONVERSION = YES;
				GCC_WARN_ABOUT_RETURN_TYPE = YES_ERROR;
				GCC_WARN_UNDECLARED_SELECTOR = YES;
				GCC_WARN_UNINITIALIZED_AUTOS = YES_AGGRESSIVE;
				GCC_WARN_UNUSED_FUNCTION = YES;
				GCC_WARN_UNUSED_VARIABLE = YES;
				IPHONEOS_DEPLOYMENT_TARGET = 9.2;
				MTL_ENABLE_DEBUG_INFO = YES;
				ONLY_ACTIVE_ARCH = YES;
				SDKROOT = iphoneos;
				TARGETED_DEVICE_FAMILY = "1,2";
			};
			name = Debug;
		};
		1A4052411D6D823900DBAFB4 /* Release */ = {
			isa = XCBuildConfiguration;
			buildSettings = {
				ALWAYS_SEARCH_USER_PATHS = NO;
				CLANG_CXX_LANGUAGE_STANDARD = "gnu++0x";
				CLANG_CXX_LIBRARY = "libc++";
				CLANG_ENABLE_MODULES = YES;
				CLANG_ENABLE_OBJC_ARC = YES;
				CLANG_WARN_BOOL_CONVERSION = YES;
				CLANG_WARN_CONSTANT_CONVERSION = YES;
				CLANG_WARN_DIRECT_OBJC_ISA_USAGE = YES_ERROR;
				CLANG_WARN_EMPTY_BODY = YES;
				CLANG_WARN_ENUM_CONVERSION = YES;
				CLANG_WARN_INT_CONVERSION = YES;
				CLANG_WARN_OBJC_ROOT_CLASS = YES_ERROR;
				CLANG_WARN_UNREACHABLE_CODE = YES;
				CLANG_WARN__DUPLICATE_METHOD_MATCH = YES;
				"CODE_SIGN_IDENTITY[sdk=iphoneos*]" = "iPhone Developer";
				COPY_PHASE_STRIP = NO;
				DEBUG_INFORMATION_FORMAT = "dwarf-with-dsym";
				ENABLE_NS_ASSERTIONS = NO;
				ENABLE_STRICT_OBJC_MSGSEND = YES;
				GCC_C_LANGUAGE_STANDARD = gnu99;
				GCC_NO_COMMON_BLOCKS = YES;
				GCC_WARN_64_TO_32_BIT_CONVERSION = YES;
				GCC_WARN_ABOUT_RETURN_TYPE = YES_ERROR;
				GCC_WARN_UNDECLARED_SELECTOR = YES;
				GCC_WARN_UNINITIALIZED_AUTOS = YES_AGGRESSIVE;
				GCC_WARN_UNUSED_FUNCTION = YES;
				GCC_WARN_UNUSED_VARIABLE = YES;
				IPHONEOS_DEPLOYMENT_TARGET = 9.2;
				MTL_ENABLE_DEBUG_INFO = NO;
				SDKROOT = iphoneos;
				TARGETED_DEVICE_FAMILY = "1,2";
				VALIDATE_PRODUCT = YES;
			};
			name = Release;
		};
		1A4052431D6D823900DBAFB4 /* Debug */ = {
			isa = XCBuildConfiguration;
			buildSettings = {
				ASSETCATALOG_COMPILER_APPICON_NAME = AppIcon;
				INFOPLIST_FILE = PodTestOne/Info.plist;
				LD_RUNPATH_SEARCH_PATHS = "$(inherited) @executable_path/Frameworks";
				PRODUCT_BUNDLE_IDENTIFIER = com.kuaiqiangche.www.PodTestOne;
				PRODUCT_NAME = "$(TARGET_NAME)";
			};
			name = Debug;
		};
		1A4052441D6D823900DBAFB4 /* Release */ = {
			isa = XCBuildConfiguration;
			buildSettings = {
				ASSETCATALOG_COMPILER_APPICON_NAME = AppIcon;
				INFOPLIST_FILE = PodTestOne/Info.plist;
				LD_RUNPATH_SEARCH_PATHS = "$(inherited) @executable_path/Frameworks";
				PRODUCT_BUNDLE_IDENTIFIER = com.kuaiqiangche.www.PodTestOne;
				PRODUCT_NAME = "$(TARGET_NAME)";
			};
			name = Release;
		};
		1A4052461D6D823900DBAFB4 /* Debug */ = {
			isa = XCBuildConfiguration;
			buildSettings = {
				BUNDLE_LOADER = "$(TEST_HOST)";
				INFOPLIST_FILE = PodTestOneTests/Info.plist;
				LD_RUNPATH_SEARCH_PATHS = "$(inherited) @executable_path/Frameworks @loader_path/Frameworks";
				PRODUCT_BUNDLE_IDENTIFIER = com.kuaiqiangche.www.PodTestOneTests;
				PRODUCT_NAME = "$(TARGET_NAME)";
				TEST_HOST = "$(BUILT_PRODUCTS_DIR)/PodTestOne.app/PodTestOne";
			};
			name = Debug;
		};
		1A4052471D6D823900DBAFB4 /* Release */ = {
			isa = XCBuildConfiguration;
			buildSettings = {
				BUNDLE_LOADER = "$(TEST_HOST)";
				INFOPLIST_FILE = PodTestOneTests/Info.plist;
				LD_RUNPATH_SEARCH_PATHS = "$(inherited) @executable_path/Frameworks @loader_path/Frameworks";
				PRODUCT_BUNDLE_IDENTIFIER = com.kuaiqiangche.www.PodTestOneTests;
				PRODUCT_NAME = "$(TARGET_NAME)";
				TEST_HOST = "$(BUILT_PRODUCTS_DIR)/PodTestOne.app/PodTestOne";
			};
			name = Release;
		};
		1A4052491D6D823900DBAFB4 /* Debug */ = {
			isa = XCBuildConfiguration;
			buildSettings = {
				INFOPLIST_FILE = PodTestOneUITests/Info.plist;
				LD_RUNPATH_SEARCH_PATHS = "$(inherited) @executable_path/Frameworks @loader_path/Frameworks";
				PRODUCT_BUNDLE_IDENTIFIER = com.kuaiqiangche.www.PodTestOneUITests;
				PRODUCT_NAME = "$(TARGET_NAME)";
				TEST_TARGET_NAME = PodTestOne;
				USES_XCTRUNNER = YES;
			};
			name = Debug;
		};
		1A40524A1D6D823900DBAFB4 /* Release */ = {
			isa = XCBuildConfiguration;
			buildSettings = {
				INFOPLIST_FILE = PodTestOneUITests/Info.plist;
				LD_RUNPATH_SEARCH_PATHS = "$(inherited) @executable_path/Frameworks @loader_path/Frameworks";
				PRODUCT_BUNDLE_IDENTIFIER = com.kuaiqiangche.www.PodTestOneUITests;
				PRODUCT_NAME = "$(TARGET_NAME)";
				TEST_TARGET_NAME = PodTestOne;
				USES_XCTRUNNER = YES;
			};
			name = Release;
		};
/* End XCBuildConfiguration section */

/* Begin XCConfigurationList section */
		1A4052101D6D823900DBAFB4 /* Build configuration list for PBXProject "PodTestOne" */ = {
			isa = XCConfigurationList;
			buildConfigurations = (
				1A4052401D6D823900DBAFB4 /* Debug */,
				1A4052411D6D823900DBAFB4 /* Release */,
			);
			defaultConfigurationIsVisible = 0;
			defaultConfigurationName = Release;
		};
		1A4052421D6D823900DBAFB4 /* Build configuration list for PBXNativeTarget "PodTestOne" */ = {
			isa = XCConfigurationList;
			buildConfigurations = (
				1A4052431D6D823900DBAFB4 /* Debug */,
				1A4052441D6D823900DBAFB4 /* Release */,
			);
			defaultConfigurationIsVisible = 0;
		};
		1A4052451D6D823900DBAFB4 /* Build configuration list for PBXNativeTarget "PodTestOneTests" */ = {
			isa = XCConfigurationList;
			buildConfigurations = (
				1A4052461D6D823900DBAFB4 /* Debug */,
				1A4052471D6D823900DBAFB4 /* Release */,
			);
			defaultConfigurationIsVisible = 0;
		};
		1A4052481D6D823900DBAFB4 /* Build configuration list for PBXNativeTarget "PodTestOneUITests" */ = {
			isa = XCConfigurationList;
			buildConfigurations = (
				1A4052491D6D823900DBAFB4 /* Debug */,
				1A40524A1D6D823900DBAFB4 /* Release */,
			);
			defaultConfigurationIsVisible = 0;
		};
/* End XCConfigurationList section */
	};
	rootObject = 1A40520D1D6D823900DBAFB4 /* Project object */;
}
